
Microsoft Visual Studio Solution File, Format Version 12.00
# Visual Studio Version 17
VisualStudioVersion = 17.2.32516.85
MinimumVisualStudioVersion = 10.0.40219.1
Project("{FAE04EC0-301F-11D3-BF4B-00C04F79EFBC}") = "xyzR-Employee_API", "xyzR-Employee_API.csproj", "{2B51B76D-A1F1-4D51-A6B1-BF1B0153CBD5}"
EndProject
Global
	GlobalSection(SolutionConfigurationPlatforms) = preSolution
		Debug|Any CPU = Debug|Any CPU
		Release|Any CPU = Release|Any CPU
	EndGlobalSection
	GlobalSection(ProjectConfigurationPlatforms) = postSolution
		{2B51B76D-A1F1-4D51-A6B1-BF1B0153CBD5}.Debug|Any CPU.ActiveCfg = Debug|Any CPU
		{2B51B76D-A1F1-4D51-A6B1-BF1B0153CBD5}.Debug|Any CPU.Build.0 = Debug|Any CPU
		{2B51B76D-A1F1-4D51-A6B1-BF1B0153CBD5}.Release|Any CPU.ActiveCfg = Release|Any CPU
		{2B51B76D-A1F1-4D51-A6B1-BF1B0153CBD5}.Release|Any CPU.Build.0 = Release|Any CPU
	EndGlobalSection
	GlobalSection(SolutionProperties) = preSolution
		HideSolutionNode = FALSE
	EndGlobalSection
	GlobalSection(ExtensibilityGlobals) = postSolution
		SolutionGuid = {670FFD08-DEF3-4550-A1DE-FF480F713988}
	EndGlobalSection
EndGlobal
